// !$*UTF8*$!
{
	archiveVersion = 1;
	classes = {
	};
	objectVersion = 48;
	objects = {

/* Begin PBXBuildFile section */
		549DEFA8205908C100E3530B /* FixEvernoteSnippetsView.h in Headers */ = {isa = PBXBuildFile; fileRef = 549DEFA7205908C100E3530B /* FixEvernoteSnippetsView.h */; };
		549DEFAA205908C100E3530B /* FixEvernoteSnippetsView.m in Sources */ = {isa = PBXBuildFile; fileRef = 549DEFA9205908C100E3530B /* FixEvernoteSnippetsView.m */; };
/* End PBXBuildFile section */

/* Begin PBXFileReference section */
		549DEFA4205908C100E3530B /* libFixEvernoteSnippetsView.dylib */ = {isa = PBXFileReference; explicitFileType = "compiled.mach-o.dylib"; includeInIndex = 0; path = libFixEvernoteSnippetsView.dylib; sourceTree = BUILT_PRODUCTS_DIR; };
		549DEFA7205908C100E3530B /* FixEvernoteSnippetsView.h */ = {isa = PBXFileReference; lastKnownFileType = sourcecode.c.h; path = FixEvernoteSnippetsView.h; sourceTree = "<group>"; };
		549DEFA9205908C100E3530B /* FixEvernoteSnippetsView.m */ = {isa = PBXFileReference; lastKnownFileType = sourcecode.c.objc; path = FixEvernoteSnippetsView.m; sourceTree = "<group>"; };
/* End PBXFileReference section */

/* Begin PBXFrameworksBuildPhase section */
		549DEFA1205908C100E3530B /* Frameworks */ = {
			isa = PBXFrameworksBuildPhase;
			buildActionMask = 2147483647;
			files = (
			);
			runOnlyForDeploymentPostprocessing = 0;
		};
/* End PBXFrameworksBuildPhase section */

/* Begin PBXGroup section */
		549DEF9B205908C100E3530B = {
			isa = PBXGroup;
			children = (
				549DEFA6205908C100E3530B /* FixEvernoteSnippetsView */,
				549DEFA5205908C100E3530B /* Products */,
			);
			sourceTree = "<group>";
		};
		549DEFA5205908C100E3530B /* Products */ = {
			isa = PBXGroup;
			children = (
				549DEFA4205908C100E3530B /* libFixEvernoteSnippetsView.dylib */,
			);
			name = Products;
			sourceTree = "<group>";
		};
		549DEFA6205908C100E3530B /* FixEvernoteSnippetsView */ = {
			isa = PBXGroup;
			children = (
				549DEFA7205908C100E3530B /* FixEvernoteSnippetsView.h */,
				549DEFA9205908C100E3530B /* FixEvernoteSnippetsView.m */,
			);
			path = FixEvernoteSnippetsView;
			sourceTree = "<group>";
		};
/* End PBXGroup section */

/* Begin PBXHeadersBuildPhase section */
		549DEFA2205908C100E3530B /* Headers */ = {
			isa = PBXHeadersBuildPhase;
			buildActionMask = 2147483647;
			files = (
				549DEFA8205908C100E3530B /* FixEvernoteSnippetsView.h in Headers */,
			);
			runOnlyForDeploymentPostprocessing = 0;
		};
/* End PBXHeadersBuildPhase section */

/* Begin PBXNativeTarget section */
		549DEFA3205908C100E3530B /* FixEvernoteSnippetsView */ = {
			isa = PBXNativeTarget;
			buildConfigurationList = 549DEFAD205908C100E3530B /* Build configuration list for PBXNativeTarget "FixEvernoteSnippetsView" */;
			buildPhases = (
				549DEFA0205908C100E3530B /* Sources */,
				549DEFA1205908C100E3530B /* Frameworks */,
				549DEFA2205908C100E3530B /* Headers */,
			);
			buildRules = (
			);
			dependencies = (
			);
			name = FixEvernoteSnippetsView;
			productName = FixEvernoteSnippetsView;
			productReference = 549DEFA4205908C100E3530B /* libFixEvernoteSnippetsView.dylib */;
			productType = "com.apple.product-type.library.dynamic";
		};
/* End PBXNativeTarget section */

/* Begin PBXProject section */
		549DEF9C205908C100E3530B /* Project object */ = {
			isa = PBXProject;
			attributes = {
				LastUpgradeCheck = 0920;
				ORGANIZATIONNAME = "Yoshimasa Niwa";
				TargetAttributes = {
					549DEFA3205908C100E3530B = {
						CreatedOnToolsVersion = 9.2;
					};
				};
			};
			buildConfigurationList = 549DEF9F205908C100E3530B /* Build configuration list for PBXProject "FixEvernoteSnippetsView" */;
			compatibilityVersion = "Xcode 8.0";
			developmentRegion = en;
			hasScannedForEncodings = 0;
			knownRegions = (
				en,
			);
			mainGroup = 549DEF9B205908C100E3530B;
			productRefGroup = 549DEFA5205908C100E3530B /* Products */;
			projectDirPath = "";
			projectRoot = "";
			targets = (
				549DEFA3205908C100E3530B /* FixEvernoteSnippetsView */,
			);
		};
/* End PBXProject section */

/* Begin PBXSourcesBuildPhase section */
		549DEFA0205908C100E3530B /* Sources */ = {
			isa = PBXSourcesBuildPhase;
			buildActionMask = 2147483647;
			files = (
				549DEFAA205908C100E3530B /* FixEvernoteSnippetsView.m in Sources */,
			);
			runOnlyForDeploymentPostprocessing = 0;
		};
/* End PBXSourcesBuildPhase section */

/* Begin XCBuildConfiguration section */
		549DEFAB205908C100E3530B /* Debug */ = {
			isa = XCBuildConfiguration;
			buildSettings = {
				ALWAYS_SEARCH_USER_PATHS = NO;
				CLANG_ANALYZER_NONNULL = YES;
				CLANG_ANALYZER_NUMBER_OBJECT_CONVERSION = YES_AGGRESSIVE;
				CLANG_CXX_LANGUAGE_STANDARD = "gnu++14";
				CLANG_CXX_LIBRARY = "libc++";
				CLANG_ENABLE_MODULES = YES;
				CLANG_ENABLE_OBJC_ARC = YES;
				CLANG_WARN_BLOCK_CAPTURE_AUTORELEASING = YES;
				CLANG_WARN_BOOL_CONVERSION = YES;
				CLANG_WARN_COMMA = YES;
				CLANG_WARN_CONSTANT_CONVERSION = YES;
				CLANG_WARN_DIRECT_OBJC_ISA_USAGE = YES_ERROR;
				CLANG_WARN_DOCUMENTATION_COMMENTS = YES;
				CLANG_WARN_EMPTY_BODY = YES;
				CLANG_WARN_ENUM_CONVERSION = YES;
				CLANG_WARN_INFINITE_RECURSION = YES;
				CLANG_WARN_INT_CONVERSION = YES;
				CLANG_WARN_NON_LITERAL_NULL_CONVERSION = YES;
				CLANG_WARN_OBJC_LITERAL_CONVERSION = YES;
				CLANG_WARN_OBJC_ROOT_CLASS = YES_ERROR;
				CLANG_WARN_RANGE_LOOP_ANALYSIS = YES;
				CLANG_WARN_STRICT_PROTOTYPES = YES;
				CLANG_WARN_SUSPICIOUS_MOVE = YES;
				CLANG_WARN_UNGUARDED_AVAILABILITY = YES_AGGRESSIVE;
				CLANG_WARN_UNREACHABLE_CODE = YES;
				CLANG_WARN__DUPLICATE_METHOD_MATCH = YES;
				COPY_PHASE_STRIP = NO;
				DEBUG_INFORMATION_FORMAT = dwarf;
				ENABLE_STRICT_OBJC_MSGSEND = YES;
				ENABLE_TESTABILITY = YES;
				GCC_C_LANGUAGE_STANDARD = gnu11;
				GCC_DYNAMIC_NO_PIC = NO;
				GCC_NO_COMMON_BLOCKS = YES;
				GCC_OPTIMIZATION_LEVEL = 0;
				GCC_PREPROCESSOR_DEFINITIONS = (
					"DEBUG=1",
					"$(inherited)",
				);
				GCC_WARN_64_TO_32_BIT_CONVERSION = YES;
				GCC_WARN_ABOUT_RETURN_TYPE = YES_ERROR;
				GCC_WARN_UNDECLARED_SELECTOR = YES;
				GCC_WARN_UNINITIALIZED_AUTOS = YES_AGGRESSIVE;
				GCC_WARN_UNUSED_FUNCTION = YES;
				GCC_WARN_UNUSED_VARIABLE = YES;
				MACOSX_DEPLOYMENT_TARGET = 10.13;
				MTL_ENABLE_DEBUG_INFO = YES;
				ONLY_ACTIVE_ARCH = YES;
				SDKROOT = macosx;
			};
			name = Debug;
		};
		549DEFAC205908C100E3530B /* Release */ = {
			isa = XCBuildConfiguration;
			buildSettings = {
				ALWAYS_SEARCH_USER_PATHS = NO;
				CLANG_ANALYZER_NONNULL = YES;
				CLANG_ANALYZER_NUMBER_OBJECT_CONVERSION = YES_AGGRESSIVE;
				CLANG_CXX_LANGUAGE_STANDARD = "gnu++14";
				CLANG_CXX_LIBRARY = "libc++";
				CLANG_ENABLE_MODULES = YES;
				CLANG_ENABLE_OBJC_ARC = YES;
				CLANG_WARN_BLOCK_CAPTURE_AUTORELEASING = YES;
				CLANG_WARN_BOOL_CONVERSION = YES;
				CLANG_WARN_COMMA = YES;
				CLANG_WARN_CONSTANT_CONVERSION = YES;
				CLANG_WARN_DIRECT_OBJC_ISA_USAGE = YES_ERROR;
				CLANG_WARN_DOCUMENTATION_COMMENTS = YES;
				CLANG_WARN_EMPTY_BODY = YES;
				CLANG_WARN_ENUM_CONVERSION = YES;
				CLANG_WARN_INFINITE_RECURSION = YES;
				CLANG_WARN_INT_CONVERSION = YES;
				CLANG_WARN_NON_LITERAL_NULL_CONVERSION = YES;
				CLANG_WARN_OBJC_LITERAL_CONVERSION = YES;
				CLANG_WARN_OBJC_ROOT_CLASS = YES_ERROR;
				CLANG_WARN_RANGE_LOOP_ANALYSIS = YES;
				CLANG_WARN_STRICT_PROTOTYPES = YES;
				CLANG_WARN_SUSPICIOUS_MOVE = YES;
				CLANG_WARN_UNGUARDED_AVAILABILITY = YES_AGGRESSIVE;
				CLANG_WARN_UNREACHABLE_CODE = YES;
				CLANG_WARN__DUPLICATE_METHOD_MATCH = YES;
				COPY_PHASE_STRIP = NO;
				DEBUG_INFORMATION_FORMAT = "dwarf-with-dsym";
				ENABLE_NS_ASSERTIONS = NO;
				ENABLE_STRICT_OBJC_MSGSEND = YES;
				GCC_C_LANGUAGE_STANDARD = gnu11;
				GCC_NO_COMMON_BLOCKS = YES;
				GCC_WARN_64_TO_32_BIT_CONVERSION = YES;
				GCC_WARN_ABOUT_RETURN_TYPE = YES_ERROR;
				GCC_WARN_UNDECLARED_SELECTOR = YES;
				GCC_WARN_UNINITIALIZED_AUTOS = YES_AGGRESSIVE;
				GCC_WARN_UNUSED_FUNCTION = YES;
				GCC_WARN_UNUSED_VARIABLE = YES;
				MACOSX_DEPLOYMENT_TARGET = 10.13;
				MTL_ENABLE_DEBUG_INFO = NO;
				SDKROOT = macosx;
			};
			name = Release;
		};
		549DEFAE205908C100E3530B /* Debug */ = {
			isa = XCBuildConfiguration;
			buildSettings = {
				DYLIB_COMPATIBILITY_VERSION = 1;
				DYLIB_CURRENT_VERSION = 1;
				EXECUTABLE_PREFIX = lib;
				PRODUCT_NAME = "$(TARGET_NAME)";
			};
			name = Debug;
		};
		549DEFAF205908C100E3530B /* Release */ = {
			isa = XCBuildConfiguration;
			buildSettings = {
				DYLIB_COMPATIBILITY_VERSION = 1;
				DYLIB_CURRENT_VERSION = 1;
				EXECUTABLE_PREFIX = lib;
				PRODUCT_NAME = "$(TARGET_NAME)";
			};
			name = Release;
		};
/* End XCBuildConfiguration section */

/* Begin XCConfigurationList section */
		549DEF9F205908C100E3530B /* Build configuration list for PBXProject "FixEvernoteSnippetsView" */ = {
			isa = XCConfigurationList;
			buildConfigurations = (
				549DEFAB205908C100E3530B /* Debug */,
				549DEFAC205908C100E3530B /* Release */,
			);
			defaultConfigurationIsVisible = 0;
			defaultConfigurationName = Release;
		};
		549DEFAD205908C100E3530B /* Build configuration list for PBXNativeTarget "FixEvernoteSnippetsView" */ = {
			isa = XCConfigurationList;
			buildConfigurations = (
				549DEFAE205908C100E3530B /* Debug */,
				549DEFAF205908C100E3530B /* Release */,
			);
			defaultConfigurationIsVisible = 0;
			defaultConfigurationName = Release;
		};
/* End XCConfigurationList section */
	};
	rootObject = 549DEF9C205908C100E3530B /* Project object */;
}
